
Microsoft Visual Studio Solution File, Format Version 12.00
# Visual Studio Version 16
VisualStudioVersion = 16.0.29519.87
MinimumVisualStudioVersion = 10.0.40219.1
Project("{FAE04EC0-301F-11D3-BF4B-00C04F79EFBC}") = "01.Singleton", "01.Singleton\01.Singleton.csproj", "{77967893-E03A-42ED-9728-7EC515C59E1C}"
EndProject
Project("{FAE04EC0-301F-11D3-BF4B-00C04F79EFBC}") = "02.Facade", "02.Facade\02.Facade.csproj", "{8DEDE2C1-E33A-4362-85D1-6B047FCBA4AD}"
EndProject
Project("{FAE04EC0-301F-11D3-BF4B-00C04F79EFBC}") = "03.CommandPattern", "03.CommandPattern\03.CommandPattern.csproj", "{9A493590-EF6F-4ACA-AA34-A563B3A89637}"
EndProject
Global
	GlobalSection(SolutionConfigurationPlatforms) = preSolution
		Debug|Any CPU = Debug|Any CPU
		Release|Any CPU = Release|Any CPU
	EndGlobalSection
	GlobalSection(ProjectConfigurationPlatforms) = postSolution
		{77967893-E03A-42ED-9728-7EC515C59E1C}.Debug|Any CPU.ActiveCfg = Debug|Any CPU
		{77967893-E03A-42ED-9728-7EC515C59E1C}.Debug|Any CPU.Build.0 = Debug|Any CPU
		{77967893-E03A-42ED-9728-7EC515C59E1C}.Release|Any CPU.ActiveCfg = Release|Any CPU
		{77967893-E03A-42ED-9728-7EC515C59E1C}.Release|Any CPU.Build.0 = Release|Any CPU
		{8DEDE2C1-E33A-4362-85D1-6B047FCBA4AD}.Debug|Any CPU.ActiveCfg = Debug|Any CPU
		{8DEDE2C1-E33A-4362-85D1-6B047FCBA4AD}.Debug|Any CPU.Build.0 = Debug|Any CPU
		{8DEDE2C1-E33A-4362-85D1-6B047FCBA4AD}.Release|Any CPU.ActiveCfg = Release|Any CPU
		{8DEDE2C1-E33A-4362-85D1-6B047FCBA4AD}.Release|Any CPU.Build.0 = Release|Any CPU
		{9A493590-EF6F-4ACA-AA34-A563B3A89637}.Debug|Any CPU.ActiveCfg = Debug|Any CPU
		{9A493590-EF6F-4ACA-AA34-A563B3A89637}.Debug|Any CPU.Build.0 = Debug|Any CPU
		{9A493590-EF6F-4ACA-AA34-A563B3A89637}.Release|Any CPU.ActiveCfg = Release|Any CPU
		{9A493590-EF6F-4ACA-AA34-A563B3A89637}.Release|Any CPU.Build.0 = Release|Any CPU
	EndGlobalSection
	GlobalSection(SolutionProperties) = preSolution
		HideSolutionNode = FALSE
	EndGlobalSection
	GlobalSection(ExtensibilityGlobals) = postSolution
		SolutionGuid = {E0085A3E-F210-4E6A-A5FA-BF8BECE2A3CB}
	EndGlobalSection
EndGlobal
