
Microsoft Visual Studio Solution File, Format Version 12.00
# Visual Studio Version 16
VisualStudioVersion = 16.0.29519.87
MinimumVisualStudioVersion = 10.0.40219.1
Project("{9A19103F-16F7-4668-BE54-9A1E7A4F7556}") = "01.Prototype", "01.Prototype\01.Prototype.csproj", "{B443D08B-44ED-422A-9004-2AF4F8A1B42D}"
EndProject
Project("{9A19103F-16F7-4668-BE54-9A1E7A4F7556}") = "02.Composite", "02.Composite\02.Composite.csproj", "{5B373238-A2E6-4036-83B2-9001541DD28B}"
EndProject
Project("{9A19103F-16F7-4668-BE54-9A1E7A4F7556}") = "03.TemplatePattern", "03.TemplatePattern\03.TemplatePattern.csproj", "{C29ED332-2215-4373-BDBD-2AE7B3CC41BF}"
EndProject
Project("{9A19103F-16F7-4668-BE54-9A1E7A4F7556}") = "03.TemplatePatternWithVirtualMethods", "03.TemplatePattern-with virtual methods\03.TemplatePatternWithVirtualMethods.csproj", "{3706D2A6-781E-4C81-AC7A-7E6B5D95EC33}"
EndProject
Global
	GlobalSection(SolutionConfigurationPlatforms) = preSolution
		Debug|Any CPU = Debug|Any CPU
		Release|Any CPU = Release|Any CPU
	EndGlobalSection
	GlobalSection(ProjectConfigurationPlatforms) = postSolution
		{B443D08B-44ED-422A-9004-2AF4F8A1B42D}.Debug|Any CPU.ActiveCfg = Debug|Any CPU
		{B443D08B-44ED-422A-9004-2AF4F8A1B42D}.Debug|Any CPU.Build.0 = Debug|Any CPU
		{B443D08B-44ED-422A-9004-2AF4F8A1B42D}.Release|Any CPU.ActiveCfg = Release|Any CPU
		{B443D08B-44ED-422A-9004-2AF4F8A1B42D}.Release|Any CPU.Build.0 = Release|Any CPU
		{5B373238-A2E6-4036-83B2-9001541DD28B}.Debug|Any CPU.ActiveCfg = Debug|Any CPU
		{5B373238-A2E6-4036-83B2-9001541DD28B}.Debug|Any CPU.Build.0 = Debug|Any CPU
		{5B373238-A2E6-4036-83B2-9001541DD28B}.Release|Any CPU.ActiveCfg = Release|Any CPU
		{5B373238-A2E6-4036-83B2-9001541DD28B}.Release|Any CPU.Build.0 = Release|Any CPU
		{C29ED332-2215-4373-BDBD-2AE7B3CC41BF}.Debug|Any CPU.ActiveCfg = Debug|Any CPU
		{C29ED332-2215-4373-BDBD-2AE7B3CC41BF}.Debug|Any CPU.Build.0 = Debug|Any CPU
		{C29ED332-2215-4373-BDBD-2AE7B3CC41BF}.Release|Any CPU.ActiveCfg = Release|Any CPU
		{C29ED332-2215-4373-BDBD-2AE7B3CC41BF}.Release|Any CPU.Build.0 = Release|Any CPU
		{3706D2A6-781E-4C81-AC7A-7E6B5D95EC33}.Debug|Any CPU.ActiveCfg = Debug|Any CPU
		{3706D2A6-781E-4C81-AC7A-7E6B5D95EC33}.Debug|Any CPU.Build.0 = Debug|Any CPU
		{3706D2A6-781E-4C81-AC7A-7E6B5D95EC33}.Release|Any CPU.ActiveCfg = Release|Any CPU
		{3706D2A6-781E-4C81-AC7A-7E6B5D95EC33}.Release|Any CPU.Build.0 = Release|Any CPU
	EndGlobalSection
	GlobalSection(SolutionProperties) = preSolution
		HideSolutionNode = FALSE
	EndGlobalSection
	GlobalSection(ExtensibilityGlobals) = postSolution
		SolutionGuid = {17BEE0FE-7F0F-4FEB-911A-4109A5B1D2A6}
	EndGlobalSection
EndGlobal
