
Microsoft Visual Studio Solution File, Format Version 12.00
# Visual Studio Version 16
VisualStudioVersion = 16.0.29519.181
MinimumVisualStudioVersion = 10.0.40219.1
Project("{FAE04EC0-301F-11D3-BF4B-00C04F79EFBC}") = "01.SquareRoot", "01.SquareRoot\01.SquareRoot.csproj", "{B1BA4530-277E-4FFB-8458-161EDF7B99EC}"
EndProject
Global
	GlobalSection(SolutionConfigurationPlatforms) = preSolution
		Debug|Any CPU = Debug|Any CPU
		Release|Any CPU = Release|Any CPU
	EndGlobalSection
	GlobalSection(ProjectConfigurationPlatforms) = postSolution
		{B1BA4530-277E-4FFB-8458-161EDF7B99EC}.Debug|Any CPU.ActiveCfg = Debug|Any CPU
		{B1BA4530-277E-4FFB-8458-161EDF7B99EC}.Debug|Any CPU.Build.0 = Debug|Any CPU
		{B1BA4530-277E-4FFB-8458-161EDF7B99EC}.Release|Any CPU.ActiveCfg = Release|Any CPU
		{B1BA4530-277E-4FFB-8458-161EDF7B99EC}.Release|Any CPU.Build.0 = Release|Any CPU
	EndGlobalSection
	GlobalSection(SolutionProperties) = preSolution
		HideSolutionNode = FALSE
	EndGlobalSection
	GlobalSection(ExtensibilityGlobals) = postSolution
		SolutionGuid = {09154BE3-B04E-41CF-943F-93B76A4796B2}
	EndGlobalSection
EndGlobal
